
Microsoft Visual Studio Solution File, Format Version 12.00
# Visual Studio Version 16
VisualStudioVersion = 16.0.30523.141
MinimumVisualStudioVersion = 10.0.40219.1
Project("{FAE04EC0-301F-11D3-BF4B-00C04F79EFBC}") = "Prototipo1p", "Prototipo1p.csproj", "{AEE6080F-29F5-402E-AF81-49D1F00DC70D}"
EndProject
Global
	GlobalSection(SolutionConfigurationPlatforms) = preSolution
		Debug|Any CPU = Debug|Any CPU
		Release|Any CPU = Release|Any CPU
	EndGlobalSection
	GlobalSection(ProjectConfigurationPlatforms) = postSolution
		{AEE6080F-29F5-402E-AF81-49D1F00DC70D}.Debug|Any CPU.ActiveCfg = Debug|Any CPU
		{AEE6080F-29F5-402E-AF81-49D1F00DC70D}.Debug|Any CPU.Build.0 = Debug|Any CPU
		{AEE6080F-29F5-402E-AF81-49D1F00DC70D}.Release|Any CPU.ActiveCfg = Release|Any CPU
		{AEE6080F-29F5-402E-AF81-49D1F00DC70D}.Release|Any CPU.Build.0 = Release|Any CPU
	EndGlobalSection
	GlobalSection(SolutionProperties) = preSolution
		HideSolutionNode = FALSE
	EndGlobalSection
	GlobalSection(ExtensibilityGlobals) = postSolution
		SolutionGuid = {FA12D2ED-176F-4CA4-9827-5CC76A630910}
	EndGlobalSection
EndGlobal
